// !$*UTF8*$!
{
	archiveVersion = 1;
	classes = {
	};
	objectVersion = 51;
	objects = {

/* Begin PBXBuildFile section */
		1420158424DCF967008AF555 /* MapboxMap.swift in Sources */ = {isa = PBXBuildFile; fileRef = 1420158324DCF967008AF555 /* MapboxMap.swift */; };
		146B62F324DD31C600B727B7 /* MainView.swift in Sources */ = {isa = PBXBuildFile; fileRef = 146B62F224DD31C600B727B7 /* MainView.swift */; };
		146B62F524DE623700B727B7 /* MapService.swift in Sources */ = {isa = PBXBuildFile; fileRef = 146B62F424DE623700B727B7 /* MapService.swift */; };
		146B62F724DE64CC00B727B7 /* Stop.swift in Sources */ = {isa = PBXBuildFile; fileRef = 146B62F624DE64CC00B727B7 /* Stop.swift */; };
		14C8874B24DCF0A9002FFA54 /* mapboxswiftApp.swift in Sources */ = {isa = PBXBuildFile; fileRef = 14C8874A24DCF0A9002FFA54 /* mapboxswiftApp.swift */; };
		14C8874D24DCF0A9002FFA54 /* ContentView.swift in Sources */ = {isa = PBXBuildFile; fileRef = 14C8874C24DCF0A9002FFA54 /* ContentView.swift */; };
		14C8874F24DCF0AC002FFA54 /* Assets.xcassets in Resources */ = {isa = PBXBuildFile; fileRef = 14C8874E24DCF0AC002FFA54 /* Assets.xcassets */; };
		14C8875224DCF0AC002FFA54 /* Preview Assets.xcassets in Resources */ = {isa = PBXBuildFile; fileRef = 14C8875124DCF0AC002FFA54 /* Preview Assets.xcassets */; };
		19DC4C4687A9420D889DC311 /* Pods_mapboxswift.framework in Frameworks */ = {isa = PBXBuildFile; fileRef = 844D66782DC9589245A4D696 /* Pods_mapboxswift.framework */; };
/* End PBXBuildFile section */

/* Begin PBXFileReference section */
		1420158324DCF967008AF555 /* MapboxMap.swift */ = {isa = PBXFileReference; lastKnownFileType = sourcecode.swift; path = MapboxMap.swift; sourceTree = "<group>"; };
		146B62F224DD31C600B727B7 /* MainView.swift */ = {isa = PBXFileReference; lastKnownFileType = sourcecode.swift; path = MainView.swift; sourceTree = "<group>"; };
		146B62F424DE623700B727B7 /* MapService.swift */ = {isa = PBXFileReference; lastKnownFileType = sourcecode.swift; path = MapService.swift; sourceTree = "<group>"; };
		146B62F624DE64CC00B727B7 /* Stop.swift */ = {isa = PBXFileReference; lastKnownFileType = sourcecode.swift; path = Stop.swift; sourceTree = "<group>"; };
		14C8874724DCF0A9002FFA54 /* mapboxswift.app */ = {isa = PBXFileReference; explicitFileType = wrapper.application; includeInIndex = 0; path = mapboxswift.app; sourceTree = BUILT_PRODUCTS_DIR; };
		14C8874A24DCF0A9002FFA54 /* mapboxswiftApp.swift */ = {isa = PBXFileReference; lastKnownFileType = sourcecode.swift; path = mapboxswiftApp.swift; sourceTree = "<group>"; };
		14C8874C24DCF0A9002FFA54 /* ContentView.swift */ = {isa = PBXFileReference; lastKnownFileType = sourcecode.swift; path = ContentView.swift; sourceTree = "<group>"; };
		14C8874E24DCF0AC002FFA54 /* Assets.xcassets */ = {isa = PBXFileReference; lastKnownFileType = folder.assetcatalog; path = Assets.xcassets; sourceTree = "<group>"; };
		14C8875124DCF0AC002FFA54 /* Preview Assets.xcassets */ = {isa = PBXFileReference; lastKnownFileType = folder.assetcatalog; path = "Preview Assets.xcassets"; sourceTree = "<group>"; };
		14C8875324DCF0AC002FFA54 /* Info.plist */ = {isa = PBXFileReference; lastKnownFileType = text.plist.xml; path = Info.plist; sourceTree = "<group>"; };
		6761AFB696605214896420E3 /* Pods-mapboxswift.release.xcconfig */ = {isa = PBXFileReference; includeInIndex = 1; lastKnownFileType = text.xcconfig; name = "Pods-mapboxswift.release.xcconfig"; path = "Target Support Files/Pods-mapboxswift/Pods-mapboxswift.release.xcconfig"; sourceTree = "<group>"; };
		844D66782DC9589245A4D696 /* Pods_mapboxswift.framework */ = {isa = PBXFileReference; explicitFileType = wrapper.framework; includeInIndex = 0; path = Pods_mapboxswift.framework; sourceTree = BUILT_PRODUCTS_DIR; };
		C3C62EF30EEBC60C0B2CF738 /* Pods-mapboxswift.debug.xcconfig */ = {isa = PBXFileReference; includeInIndex = 1; lastKnownFileType = text.xcconfig; name = "Pods-mapboxswift.debug.xcconfig"; path = "Target Support Files/Pods-mapboxswift/Pods-mapboxswift.debug.xcconfig"; sourceTree = "<group>"; };
/* End PBXFileReference section */

/* Begin PBXFrameworksBuildPhase section */
		14C8874424DCF0A9002FFA54 /* Frameworks */ = {
			isa = PBXFrameworksBuildPhase;
			buildActionMask = 2147483647;
			files = (
				19DC4C4687A9420D889DC311 /* Pods_mapboxswift.framework in Frameworks */,
			);
			runOnlyForDeploymentPostprocessing = 0;
		};
/* End PBXFrameworksBuildPhase section */

/* Begin PBXGroup section */
		0AA7E248D3F873441BA196A7 /* Pods */ = {
			isa = PBXGroup;
			children = (
				C3C62EF30EEBC60C0B2CF738 /* Pods-mapboxswift.debug.xcconfig */,
				6761AFB696605214896420E3 /* Pods-mapboxswift.release.xcconfig */,
			);
			path = Pods;
			sourceTree = "<group>";
		};
		14C8873E24DCF0A9002FFA54 = {
			isa = PBXGroup;
			children = (
				14C8874924DCF0A9002FFA54 /* mapboxswift */,
				14C8874824DCF0A9002FFA54 /* Products */,
				0AA7E248D3F873441BA196A7 /* Pods */,
				53D21D1A24BEF235F090DC95 /* Frameworks */,
			);
			sourceTree = "<group>";
		};
		14C8874824DCF0A9002FFA54 /* Products */ = {
			isa = PBXGroup;
			children = (
				14C8874724DCF0A9002FFA54 /* mapboxswift.app */,
			);
			name = Products;
			sourceTree = "<group>";
		};
		14C8874924DCF0A9002FFA54 /* mapboxswift */ = {
			isa = PBXGroup;
			children = (
				14C8874A24DCF0A9002FFA54 /* mapboxswiftApp.swift */,
				14C8874C24DCF0A9002FFA54 /* ContentView.swift */,
				14C8874E24DCF0AC002FFA54 /* Assets.xcassets */,
				14C8875324DCF0AC002FFA54 /* Info.plist */,
				14C8875024DCF0AC002FFA54 /* Preview Content */,
				1420158324DCF967008AF555 /* MapboxMap.swift */,
				146B62F224DD31C600B727B7 /* MainView.swift */,
				146B62F424DE623700B727B7 /* MapService.swift */,
				146B62F624DE64CC00B727B7 /* Stop.swift */,
			);
			path = mapboxswift;
			sourceTree = "<group>";
		};
		14C8875024DCF0AC002FFA54 /* Preview Content */ = {
			isa = PBXGroup;
			children = (
				14C8875124DCF0AC002FFA54 /* Preview Assets.xcassets */,
			);
			path = "Preview Content";
			sourceTree = "<group>";
		};
		53D21D1A24BEF235F090DC95 /* Frameworks */ = {
			isa = PBXGroup;
			children = (
				844D66782DC9589245A4D696 /* Pods_mapboxswift.framework */,
			);
			name = Frameworks;
			sourceTree = "<group>";
		};
/* End PBXGroup section */

/* Begin PBXNativeTarget section */
		14C8874624DCF0A9002FFA54 /* mapboxswift */ = {
			isa = PBXNativeTarget;
			buildConfigurationList = 14C8875624DCF0AC002FFA54 /* Build configuration list for PBXNativeTarget "mapboxswift" */;
			buildPhases = (
				092697B891431D0A2542EC5E /* [CP] Check Pods Manifest.lock */,
				14C8874324DCF0A9002FFA54 /* Sources */,
				14C8874424DCF0A9002FFA54 /* Frameworks */,
				14C8874524DCF0A9002FFA54 /* Resources */,
				FAFE4CFCA0B2A431D12A22F7 /* [CP] Embed Pods Frameworks */,
			);
			buildRules = (
			);
			dependencies = (
			);
			name = mapboxswift;
			productName = mapboxswift;
			productReference = 14C8874724DCF0A9002FFA54 /* mapboxswift.app */;
			productType = "com.apple.product-type.application";
		};
/* End PBXNativeTarget section */

/* Begin PBXProject section */
		14C8873F24DCF0A9002FFA54 /* Project object */ = {
			isa = PBXProject;
			attributes = {
				LastSwiftUpdateCheck = 1200;
				LastUpgradeCheck = 1200;
				TargetAttributes = {
					14C8874624DCF0A9002FFA54 = {
						CreatedOnToolsVersion = 12.0;
					};
				};
			};
			buildConfigurationList = 14C8874224DCF0A9002FFA54 /* Build configuration list for PBXProject "mapboxswift" */;
			compatibilityVersion = "Xcode 9.3";
			developmentRegion = en;
			hasScannedForEncodings = 0;
			knownRegions = (
				en,
				Base,
			);
			mainGroup = 14C8873E24DCF0A9002FFA54;
			productRefGroup = 14C8874824DCF0A9002FFA54 /* Products */;
			projectDirPath = "";
			projectRoot = "";
			targets = (
				14C8874624DCF0A9002FFA54 /* mapboxswift */,
			);
		};
/* End PBXProject section */

/* Begin PBXResourcesBuildPhase section */
		14C8874524DCF0A9002FFA54 /* Resources */ = {
			isa = PBXResourcesBuildPhase;
			buildActionMask = 2147483647;
			files = (
				14C8875224DCF0AC002FFA54 /* Preview Assets.xcassets in Resources */,
				14C8874F24DCF0AC002FFA54 /* Assets.xcassets in Resources */,
			);
			runOnlyForDeploymentPostprocessing = 0;
		};
/* End PBXResourcesBuildPhase section */

/* Begin PBXShellScriptBuildPhase section */
		092697B891431D0A2542EC5E /* [CP] Check Pods Manifest.lock */ = {
			isa = PBXShellScriptBuildPhase;
			buildActionMask = 2147483647;
			files = (
			);
			inputFileListPaths = (
			);
			inputPaths = (
				"${PODS_PODFILE_DIR_PATH}/Podfile.lock",
				"${PODS_ROOT}/Manifest.lock",
			);
			name = "[CP] Check Pods Manifest.lock";
			outputFileListPaths = (
			);
			outputPaths = (
				"$(DERIVED_FILE_DIR)/Pods-mapboxswift-checkManifestLockResult.txt",
			);
			runOnlyForDeploymentPostprocessing = 0;
			shellPath = /bin/sh;
			shellScript = "diff \"${PODS_PODFILE_DIR_PATH}/Podfile.lock\" \"${PODS_ROOT}/Manifest.lock\" > /dev/null\nif [ $? != 0 ] ; then\n    # print error to STDERR\n    echo \"error: The sandbox is not in sync with the Podfile.lock. Run 'pod install' or update your CocoaPods installation.\" >&2\n    exit 1\nfi\n# This output is used by Xcode 'outputs' to avoid re-running this script phase.\necho \"SUCCESS\" > \"${SCRIPT_OUTPUT_FILE_0}\"\n";
			showEnvVarsInLog = 0;
		};
		FAFE4CFCA0B2A431D12A22F7 /* [CP] Embed Pods Frameworks */ = {
			isa = PBXShellScriptBuildPhase;
			buildActionMask = 2147483647;
			files = (
			);
			inputFileListPaths = (
				"${PODS_ROOT}/Target Support Files/Pods-mapboxswift/Pods-mapboxswift-frameworks-${CONFIGURATION}-input-files.xcfilelist",
			);
			name = "[CP] Embed Pods Frameworks";
			outputFileListPaths = (
				"${PODS_ROOT}/Target Support Files/Pods-mapboxswift/Pods-mapboxswift-frameworks-${CONFIGURATION}-output-files.xcfilelist",
			);
			runOnlyForDeploymentPostprocessing = 0;
			shellPath = /bin/sh;
			shellScript = "\"${PODS_ROOT}/Target Support Files/Pods-mapboxswift/Pods-mapboxswift-frameworks.sh\"\n";
			showEnvVarsInLog = 0;
		};
/* End PBXShellScriptBuildPhase section */

/* Begin PBXSourcesBuildPhase section */
		14C8874324DCF0A9002FFA54 /* Sources */ = {
			isa = PBXSourcesBuildPhase;
			buildActionMask = 2147483647;
			files = (
				146B62F524DE623700B727B7 /* MapService.swift in Sources */,
				14C8874D24DCF0A9002FFA54 /* ContentView.swift in Sources */,
				146B62F324DD31C600B727B7 /* MainView.swift in Sources */,
				14C8874B24DCF0A9002FFA54 /* mapboxswiftApp.swift in Sources */,
				1420158424DCF967008AF555 /* MapboxMap.swift in Sources */,
				146B62F724DE64CC00B727B7 /* Stop.swift in Sources */,
			);
			runOnlyForDeploymentPostprocessing = 0;
		};
/* End PBXSourcesBuildPhase section */

/* Begin XCBuildConfiguration section */
		14C8875424DCF0AC002FFA54 /* Debug */ = {
			isa = XCBuildConfiguration;
			buildSettings = {
				ALWAYS_SEARCH_USER_PATHS = NO;
				CLANG_ANALYZER_NONNULL = YES;
				CLANG_ANALYZER_NUMBER_OBJECT_CONVERSION = YES_AGGRESSIVE;
				CLANG_CXX_LANGUAGE_STANDARD = "gnu++14";
				CLANG_CXX_LIBRARY = "libc++";
				CLANG_ENABLE_MODULES = YES;
				CLANG_ENABLE_OBJC_ARC = YES;
				CLANG_ENABLE_OBJC_WEAK = YES;
				CLANG_WARN_BLOCK_CAPTURE_AUTORELEASING = YES;
				CLANG_WARN_BOOL_CONVERSION = YES;
				CLANG_WARN_COMMA = YES;
				CLANG_WARN_CONSTANT_CONVERSION = YES;
				CLANG_WARN_DEPRECATED_OBJC_IMPLEMENTATIONS = YES;
				CLANG_WARN_DIRECT_OBJC_ISA_USAGE = YES_ERROR;
				CLANG_WARN_DOCUMENTATION_COMMENTS = YES;
				CLANG_WARN_EMPTY_BODY = YES;
				CLANG_WARN_ENUM_CONVERSION = YES;
				CLANG_WARN_INFINITE_RECURSION = YES;
				CLANG_WARN_INT_CONVERSION = YES;
				CLANG_WARN_NON_LITERAL_NULL_CONVERSION = YES;
				CLANG_WARN_OBJC_IMPLICIT_RETAIN_SELF = YES;
				CLANG_WARN_OBJC_LITERAL_CONVERSION = YES;
				CLANG_WARN_OBJC_ROOT_CLASS = YES_ERROR;
				CLANG_WARN_QUOTED_INCLUDE_IN_FRAMEWORK_HEADER = YES;
				CLANG_WARN_RANGE_LOOP_ANALYSIS = YES;
				CLANG_WARN_STRICT_PROTOTYPES = YES;
				CLANG_WARN_SUSPICIOUS_MOVE = YES;
				CLANG_WARN_UNGUARDED_AVAILABILITY = YES_AGGRESSIVE;
				CLANG_WARN_UNREACHABLE_CODE = YES;
				CLANG_WARN__DUPLICATE_METHOD_MATCH = YES;
				COPY_PHASE_STRIP = NO;
				DEBUG_INFORMATION_FORMAT = dwarf;
				ENABLE_STRICT_OBJC_MSGSEND = YES;
				ENABLE_TESTABILITY = YES;
				GCC_C_LANGUAGE_STANDARD = gnu11;
				GCC_DYNAMIC_NO_PIC = NO;
				GCC_NO_COMMON_BLOCKS = YES;
				GCC_OPTIMIZATION_LEVEL = 0;
				GCC_PREPROCESSOR_DEFINITIONS = (
					"DEBUG=1",
					"$(inherited)",
				);
				GCC_WARN_64_TO_32_BIT_CONVERSION = YES;
				GCC_WARN_ABOUT_RETURN_TYPE = YES_ERROR;
				GCC_WARN_UNDECLARED_SELECTOR = YES;
				GCC_WARN_UNINITIALIZED_AUTOS = YES_AGGRESSIVE;
				GCC_WARN_UNUSED_FUNCTION = YES;
				GCC_WARN_UNUSED_VARIABLE = YES;
				IPHONEOS_DEPLOYMENT_TARGET = 14.0;
				MTL_ENABLE_DEBUG_INFO = INCLUDE_SOURCE;
				MTL_FAST_MATH = YES;
				ONLY_ACTIVE_ARCH = YES;
				SDKROOT = iphoneos;
				SWIFT_ACTIVE_COMPILATION_CONDITIONS = DEBUG;
				SWIFT_OPTIMIZATION_LEVEL = "-Onone";
			};
			name = Debug;
		};
		14C8875524DCF0AC002FFA54 /* Release */ = {
			isa = XCBuildConfiguration;
			buildSettings = {
				ALWAYS_SEARCH_USER_PATHS = NO;
				CLANG_ANALYZER_NONNULL = YES;
				CLANG_ANALYZER_NUMBER_OBJECT_CONVERSION = YES_AGGRESSIVE;
				CLANG_CXX_LANGUAGE_STANDARD = "gnu++14";
				CLANG_CXX_LIBRARY = "libc++";
				CLANG_ENABLE_MODULES = YES;
				CLANG_ENABLE_OBJC_ARC = YES;
				CLANG_ENABLE_OBJC_WEAK = YES;
				CLANG_WARN_BLOCK_CAPTURE_AUTORELEASING = YES;
				CLANG_WARN_BOOL_CONVERSION = YES;
				CLANG_WARN_COMMA = YES;
				CLANG_WARN_CONSTANT_CONVERSION = YES;
				CLANG_WARN_DEPRECATED_OBJC_IMPLEMENTATIONS = YES;
				CLANG_WARN_DIRECT_OBJC_ISA_USAGE = YES_ERROR;
				CLANG_WARN_DOCUMENTATION_COMMENTS = YES;
				CLANG_WARN_EMPTY_BODY = YES;
				CLANG_WARN_ENUM_CONVERSION = YES;
				CLANG_WARN_INFINITE_RECURSION = YES;
				CLANG_WARN_INT_CONVERSION = YES;
				CLANG_WARN_NON_LITERAL_NULL_CONVERSION = YES;
				CLANG_WARN_OBJC_IMPLICIT_RETAIN_SELF = YES;
				CLANG_WARN_OBJC_LITERAL_CONVERSION = YES;
				CLANG_WARN_OBJC_ROOT_CLASS = YES_ERROR;
				CLANG_WARN_QUOTED_INCLUDE_IN_FRAMEWORK_HEADER = YES;
				CLANG_WARN_RANGE_LOOP_ANALYSIS = YES;
				CLANG_WARN_STRICT_PROTOTYPES = YES;
				CLANG_WARN_SUSPICIOUS_MOVE = YES;
				CLANG_WARN_UNGUARDED_AVAILABILITY = YES_AGGRESSIVE;
				CLANG_WARN_UNREACHABLE_CODE = YES;
				CLANG_WARN__DUPLICATE_METHOD_MATCH = YES;
				COPY_PHASE_STRIP = NO;
				DEBUG_INFORMATION_FORMAT = "dwarf-with-dsym";
				ENABLE_NS_ASSERTIONS = NO;
				ENABLE_STRICT_OBJC_MSGSEND = YES;
				GCC_C_LANGUAGE_STANDARD = gnu11;
				GCC_NO_COMMON_BLOCKS = YES;
				GCC_WARN_64_TO_32_BIT_CONVERSION = YES;
				GCC_WARN_ABOUT_RETURN_TYPE = YES_ERROR;
				GCC_WARN_UNDECLARED_SELECTOR = YES;
				GCC_WARN_UNINITIALIZED_AUTOS = YES_AGGRESSIVE;
				GCC_WARN_UNUSED_FUNCTION = YES;
				GCC_WARN_UNUSED_VARIABLE = YES;
				IPHONEOS_DEPLOYMENT_TARGET = 14.0;
				MTL_ENABLE_DEBUG_INFO = NO;
				MTL_FAST_MATH = YES;
				SDKROOT = iphoneos;
				SWIFT_COMPILATION_MODE = wholemodule;
				SWIFT_OPTIMIZATION_LEVEL = "-O";
				VALIDATE_PRODUCT = YES;
			};
			name = Release;
		};
		14C8875724DCF0AC002FFA54 /* Debug */ = {
			isa = XCBuildConfiguration;
			baseConfigurationReference = C3C62EF30EEBC60C0B2CF738 /* Pods-mapboxswift.debug.xcconfig */;
			buildSettings = {
				ASSETCATALOG_COMPILER_APPICON_NAME = AppIcon;
				ASSETCATALOG_COMPILER_GLOBAL_ACCENT_COLOR_NAME = AccentColor;
				CODE_SIGN_STYLE = Automatic;
				DEVELOPMENT_ASSET_PATHS = "\"mapboxswift/Preview Content\"";
				DEVELOPMENT_TEAM = NFCF82XX22;
				ENABLE_PREVIEWS = YES;
				INFOPLIST_FILE = mapboxswift/Info.plist;
				IPHONEOS_DEPLOYMENT_TARGET = 14.0;
				LD_RUNPATH_SEARCH_PATHS = (
					"$(inherited)",
					"@executable_path/Frameworks",
				);
				PRODUCT_BUNDLE_IDENTIFIER = com.seankang.mapbox.mapboxswift;
				PRODUCT_NAME = "$(TARGET_NAME)";
				SWIFT_VERSION = 5.0;
				TARGETED_DEVICE_FAMILY = "1,2";
			};
			name = Debug;
		};
		14C8875824DCF0AC002FFA54 /* Release */ = {
			isa = XCBuildConfiguration;
			baseConfigurationReference = 6761AFB696605214896420E3 /* Pods-mapboxswift.release.xcconfig */;
			buildSettings = {
				ASSETCATALOG_COMPILER_APPICON_NAME = AppIcon;
				ASSETCATALOG_COMPILER_GLOBAL_ACCENT_COLOR_NAME = AccentColor;
				CODE_SIGN_STYLE = Automatic;
				DEVELOPMENT_ASSET_PATHS = "\"mapboxswift/Preview Content\"";
				DEVELOPMENT_TEAM = NFCF82XX22;
				ENABLE_PREVIEWS = YES;
				INFOPLIST_FILE = mapboxswift/Info.plist;
				IPHONEOS_DEPLOYMENT_TARGET = 14.0;
				LD_RUNPATH_SEARCH_PATHS = (
					"$(inherited)",
					"@executable_path/Frameworks",
				);
				PRODUCT_BUNDLE_IDENTIFIER = com.seankang.mapbox.mapboxswift;
				PRODUCT_NAME = "$(TARGET_NAME)";
				SWIFT_VERSION = 5.0;
				TARGETED_DEVICE_FAMILY = "1,2";
			};
			name = Release;
		};
/* End XCBuildConfiguration section */

/* Begin XCConfigurationList section */
		14C8874224DCF0A9002FFA54 /* Build configuration list for PBXProject "mapboxswift" */ = {
			isa = XCConfigurationList;
			buildConfigurations = (
				14C8875424DCF0AC002FFA54 /* Debug */,
				14C8875524DCF0AC002FFA54 /* Release */,
			);
			defaultConfigurationIsVisible = 0;
			defaultConfigurationName = Release;
		};
		14C8875624DCF0AC002FFA54 /* Build configuration list for PBXNativeTarget "mapboxswift" */ = {
			isa = XCConfigurationList;
			buildConfigurations = (
				14C8875724DCF0AC002FFA54 /* Debug */,
				14C8875824DCF0AC002FFA54 /* Release */,
			);
			defaultConfigurationIsVisible = 0;
			defaultConfigurationName = Release;
		};
/* End XCConfigurationList section */
	};
	rootObject = 14C8873F24DCF0A9002FFA54 /* Project object */;
}
